
Microsoft Visual Studio Solution File, Format Version 12.00
# Visual Studio Version 16
VisualStudioVersion = 16.0.32929.386
MinimumVisualStudioVersion = 10.0.40219.1
Project("{FAE04EC0-301F-11D3-BF4B-00C04F79EFBC}") = "CadastrosAPI", "CadastrosAPI\CadastrosAPI.csproj", "{0EE19CDB-25A3-4D58-B6F5-0E3FCA8DCE48}"
EndProject
Global
	GlobalSection(SolutionConfigurationPlatforms) = preSolution
		Debug|Any CPU = Debug|Any CPU
		Release|Any CPU = Release|Any CPU
	EndGlobalSection
	GlobalSection(ProjectConfigurationPlatforms) = postSolution
		{0EE19CDB-25A3-4D58-B6F5-0E3FCA8DCE48}.Debug|Any CPU.ActiveCfg = Debug|Any CPU
		{0EE19CDB-25A3-4D58-B6F5-0E3FCA8DCE48}.Debug|Any CPU.Build.0 = Debug|Any CPU
		{0EE19CDB-25A3-4D58-B6F5-0E3FCA8DCE48}.Release|Any CPU.ActiveCfg = Release|Any CPU
		{0EE19CDB-25A3-4D58-B6F5-0E3FCA8DCE48}.Release|Any CPU.Build.0 = Release|Any CPU
	EndGlobalSection
	GlobalSection(SolutionProperties) = preSolution
		HideSolutionNode = FALSE
	EndGlobalSection
	GlobalSection(ExtensibilityGlobals) = postSolution
		SolutionGuid = {AEA0A4CB-C22D-4F7B-8A7E-EF801893DF01}
	EndGlobalSection
EndGlobal
